
Microsoft Visual Studio Solution File, Format Version 12.00
# Visual Studio Version 17
VisualStudioVersion = 17.3.32825.248
MinimumVisualStudioVersion = 10.0.40219.1
Project("{FAE04EC0-301F-11D3-BF4B-00C04F79EFBC}") = "DesktopApp", "DesktopApp\DesktopApp.csproj", "{935F6274-83F4-4C7A-B683-02BB78B58C1C}"
EndProject
Global
	GlobalSection(SolutionConfigurationPlatforms) = preSolution
		Debug|Any CPU = Debug|Any CPU
		Release|Any CPU = Release|Any CPU
	EndGlobalSection
	GlobalSection(ProjectConfigurationPlatforms) = postSolution
		{935F6274-83F4-4C7A-B683-02BB78B58C1C}.Debug|Any CPU.ActiveCfg = Debug|Any CPU
		{935F6274-83F4-4C7A-B683-02BB78B58C1C}.Debug|Any CPU.Build.0 = Debug|Any CPU
		{935F6274-83F4-4C7A-B683-02BB78B58C1C}.Release|Any CPU.ActiveCfg = Release|Any CPU
		{935F6274-83F4-4C7A-B683-02BB78B58C1C}.Release|Any CPU.Build.0 = Release|Any CPU
	EndGlobalSection
	GlobalSection(SolutionProperties) = preSolution
		HideSolutionNode = FALSE
	EndGlobalSection
	GlobalSection(ExtensibilityGlobals) = postSolution
		SolutionGuid = {3E2B6E7F-74D4-4A80-82A6-ABF92D05EAB7}
	EndGlobalSection
EndGlobal
